
Microsoft Visual Studio Solution File, Format Version 12.00
# Visual Studio 14
VisualStudioVersion = 14.0.23107.0
MinimumVisualStudioVersion = 10.0.40219.1
Project("{FAE04EC0-301F-11D3-BF4B-00C04F79EFBC}") = "XMLParsers", "XMLParsers\XMLParsers.csproj", "{8675B5AF-9D1C-4F02-8EA4-F4ED6F56BFC4}"
EndProject
Project("{FAE04EC0-301F-11D3-BF4B-00C04F79EFBC}") = "DomParserOfArtists", "DomParserOfArtists\DomParserOfArtists.csproj", "{1738162A-C519-46CE-9234-930B53605376}"
EndProject
Project("{FAE04EC0-301F-11D3-BF4B-00C04F79EFBC}") = "XPathOfArtists", "XPathOfArtists\XPathOfArtists.csproj", "{A3BA93AF-1C2A-43E1-957C-C87B9D93E9BF}"
EndProject
Project("{FAE04EC0-301F-11D3-BF4B-00C04F79EFBC}") = "DeliteAlbumByMaxPrice", "DeliteAlbumByMaxPrice\DeliteAlbumByMaxPrice.csproj", "{E6DA7F34-88B6-40C3-A230-411AB18DBAA8}"
EndProject
Project("{FAE04EC0-301F-11D3-BF4B-00C04F79EFBC}") = "XmlReader", "XmlReader\XmlReader.csproj", "{B67B4C28-92DD-4B75-B846-1EB7A65E55A0}"
EndProject
Project("{FAE04EC0-301F-11D3-BF4B-00C04F79EFBC}") = "XmlReaderWithLinq", "XmlReaderWithLinq\XmlReaderWithLinq.csproj", "{50A1025C-15B5-459F-8F1B-D79C2265AC24}"
EndProject
Project("{FAE04EC0-301F-11D3-BF4B-00C04F79EFBC}") = "TxtToXml", "TxtToXml\TxtToXml.csproj", "{EE85641B-04A0-4B73-A07C-BFC3FB23751A}"
EndProject
Project("{FAE04EC0-301F-11D3-BF4B-00C04F79EFBC}") = "CatalogToAlbums", "CatalogToAlbums\CatalogToAlbums.csproj", "{BFC60215-F460-47F5-9FC5-7C7241C4F9CE}"
EndProject
Project("{FAE04EC0-301F-11D3-BF4B-00C04F79EFBC}") = "TraverseDirectory", "TraverseDirectory\TraverseDirectory.csproj", "{7D90C7B0-C3DC-4AD6-A2E0-DDA91FA52354}"
EndProject
Project("{FAE04EC0-301F-11D3-BF4B-00C04F79EFBC}") = "TraverseDocumentWithXDocument", "TraverseDocumentWithXDocument\TraverseDocumentWithXDocument.csproj", "{5F448378-05DF-462E-9C70-46F7C3A090EC}"
EndProject
Project("{FAE04EC0-301F-11D3-BF4B-00C04F79EFBC}") = "AlbumsSelectedByYear", "AlbumsSelectedByYear\AlbumsSelectedByYear.csproj", "{1D621356-FDA7-48A6-BE52-2E40A3855348}"
EndProject
Project("{FAE04EC0-301F-11D3-BF4B-00C04F79EFBC}") = "AlbumSelectedByYearLinq", "AlbumSelectedByYearLinq\AlbumSelectedByYearLinq.csproj", "{1B5B8AA3-1F60-4E8D-AB70-F5B155C033CC}"
EndProject
Project("{FAE04EC0-301F-11D3-BF4B-00C04F79EFBC}") = "XsdSchamaCatalogue", "XsdSchamaCatalogue\XsdSchamaCatalogue.csproj", "{86424C48-CD9C-4C5D-84A2-4C351D6A5FD7}"
EndProject
Global
	GlobalSection(SolutionConfigurationPlatforms) = preSolution
		Debug|Any CPU = Debug|Any CPU
		Release|Any CPU = Release|Any CPU
	EndGlobalSection
	GlobalSection(ProjectConfigurationPlatforms) = postSolution
		{8675B5AF-9D1C-4F02-8EA4-F4ED6F56BFC4}.Debug|Any CPU.ActiveCfg = Debug|Any CPU
		{8675B5AF-9D1C-4F02-8EA4-F4ED6F56BFC4}.Debug|Any CPU.Build.0 = Debug|Any CPU
		{8675B5AF-9D1C-4F02-8EA4-F4ED6F56BFC4}.Release|Any CPU.ActiveCfg = Release|Any CPU
		{8675B5AF-9D1C-4F02-8EA4-F4ED6F56BFC4}.Release|Any CPU.Build.0 = Release|Any CPU
		{1738162A-C519-46CE-9234-930B53605376}.Debug|Any CPU.ActiveCfg = Debug|Any CPU
		{1738162A-C519-46CE-9234-930B53605376}.Debug|Any CPU.Build.0 = Debug|Any CPU
		{1738162A-C519-46CE-9234-930B53605376}.Release|Any CPU.ActiveCfg = Release|Any CPU
		{1738162A-C519-46CE-9234-930B53605376}.Release|Any CPU.Build.0 = Release|Any CPU
		{A3BA93AF-1C2A-43E1-957C-C87B9D93E9BF}.Debug|Any CPU.ActiveCfg = Debug|Any CPU
		{A3BA93AF-1C2A-43E1-957C-C87B9D93E9BF}.Debug|Any CPU.Build.0 = Debug|Any CPU
		{A3BA93AF-1C2A-43E1-957C-C87B9D93E9BF}.Release|Any CPU.ActiveCfg = Release|Any CPU
		{A3BA93AF-1C2A-43E1-957C-C87B9D93E9BF}.Release|Any CPU.Build.0 = Release|Any CPU
		{E6DA7F34-88B6-40C3-A230-411AB18DBAA8}.Debug|Any CPU.ActiveCfg = Debug|Any CPU
		{E6DA7F34-88B6-40C3-A230-411AB18DBAA8}.Debug|Any CPU.Build.0 = Debug|Any CPU
		{E6DA7F34-88B6-40C3-A230-411AB18DBAA8}.Release|Any CPU.ActiveCfg = Release|Any CPU
		{E6DA7F34-88B6-40C3-A230-411AB18DBAA8}.Release|Any CPU.Build.0 = Release|Any CPU
		{B67B4C28-92DD-4B75-B846-1EB7A65E55A0}.Debug|Any CPU.ActiveCfg = Debug|Any CPU
		{B67B4C28-92DD-4B75-B846-1EB7A65E55A0}.Debug|Any CPU.Build.0 = Debug|Any CPU
		{B67B4C28-92DD-4B75-B846-1EB7A65E55A0}.Release|Any CPU.ActiveCfg = Release|Any CPU
		{B67B4C28-92DD-4B75-B846-1EB7A65E55A0}.Release|Any CPU.Build.0 = Release|Any CPU
		{50A1025C-15B5-459F-8F1B-D79C2265AC24}.Debug|Any CPU.ActiveCfg = Debug|Any CPU
		{50A1025C-15B5-459F-8F1B-D79C2265AC24}.Debug|Any CPU.Build.0 = Debug|Any CPU
		{50A1025C-15B5-459F-8F1B-D79C2265AC24}.Release|Any CPU.ActiveCfg = Release|Any CPU
		{50A1025C-15B5-459F-8F1B-D79C2265AC24}.Release|Any CPU.Build.0 = Release|Any CPU
		{EE85641B-04A0-4B73-A07C-BFC3FB23751A}.Debug|Any CPU.ActiveCfg = Debug|Any CPU
		{EE85641B-04A0-4B73-A07C-BFC3FB23751A}.Debug|Any CPU.Build.0 = Debug|Any CPU
		{EE85641B-04A0-4B73-A07C-BFC3FB23751A}.Release|Any CPU.ActiveCfg = Release|Any CPU
		{EE85641B-04A0-4B73-A07C-BFC3FB23751A}.Release|Any CPU.Build.0 = Release|Any CPU
		{BFC60215-F460-47F5-9FC5-7C7241C4F9CE}.Debug|Any CPU.ActiveCfg = Debug|Any CPU
		{BFC60215-F460-47F5-9FC5-7C7241C4F9CE}.Debug|Any CPU.Build.0 = Debug|Any CPU
		{BFC60215-F460-47F5-9FC5-7C7241C4F9CE}.Release|Any CPU.ActiveCfg = Release|Any CPU
		{BFC60215-F460-47F5-9FC5-7C7241C4F9CE}.Release|Any CPU.Build.0 = Release|Any CPU
		{7D90C7B0-C3DC-4AD6-A2E0-DDA91FA52354}.Debug|Any CPU.ActiveCfg = Debug|Any CPU
		{7D90C7B0-C3DC-4AD6-A2E0-DDA91FA52354}.Debug|Any CPU.Build.0 = Debug|Any CPU
		{7D90C7B0-C3DC-4AD6-A2E0-DDA91FA52354}.Release|Any CPU.ActiveCfg = Release|Any CPU
		{7D90C7B0-C3DC-4AD6-A2E0-DDA91FA52354}.Release|Any CPU.Build.0 = Release|Any CPU
		{5F448378-05DF-462E-9C70-46F7C3A090EC}.Debug|Any CPU.ActiveCfg = Debug|Any CPU
		{5F448378-05DF-462E-9C70-46F7C3A090EC}.Debug|Any CPU.Build.0 = Debug|Any CPU
		{5F448378-05DF-462E-9C70-46F7C3A090EC}.Release|Any CPU.ActiveCfg = Release|Any CPU
		{5F448378-05DF-462E-9C70-46F7C3A090EC}.Release|Any CPU.Build.0 = Release|Any CPU
		{1D621356-FDA7-48A6-BE52-2E40A3855348}.Debug|Any CPU.ActiveCfg = Debug|Any CPU
		{1D621356-FDA7-48A6-BE52-2E40A3855348}.Debug|Any CPU.Build.0 = Debug|Any CPU
		{1D621356-FDA7-48A6-BE52-2E40A3855348}.Release|Any CPU.ActiveCfg = Release|Any CPU
		{1D621356-FDA7-48A6-BE52-2E40A3855348}.Release|Any CPU.Build.0 = Release|Any CPU
		{1B5B8AA3-1F60-4E8D-AB70-F5B155C033CC}.Debug|Any CPU.ActiveCfg = Debug|Any CPU
		{1B5B8AA3-1F60-4E8D-AB70-F5B155C033CC}.Debug|Any CPU.Build.0 = Debug|Any CPU
		{1B5B8AA3-1F60-4E8D-AB70-F5B155C033CC}.Release|Any CPU.ActiveCfg = Release|Any CPU
		{1B5B8AA3-1F60-4E8D-AB70-F5B155C033CC}.Release|Any CPU.Build.0 = Release|Any CPU
		{86424C48-CD9C-4C5D-84A2-4C351D6A5FD7}.Debug|Any CPU.ActiveCfg = Debug|Any CPU
		{86424C48-CD9C-4C5D-84A2-4C351D6A5FD7}.Debug|Any CPU.Build.0 = Debug|Any CPU
		{86424C48-CD9C-4C5D-84A2-4C351D6A5FD7}.Release|Any CPU.ActiveCfg = Release|Any CPU
		{86424C48-CD9C-4C5D-84A2-4C351D6A5FD7}.Release|Any CPU.Build.0 = Release|Any CPU
	EndGlobalSection
	GlobalSection(SolutionProperties) = preSolution
		HideSolutionNode = FALSE
	EndGlobalSection
EndGlobal
